
Microsoft Visual Studio Solution File, Format Version 12.00
# Visual Studio Version 17
VisualStudioVersion = 17.10.34916.146
MinimumVisualStudioVersion = 10.0.40219.1
Project("{FAE04EC0-301F-11D3-BF4B-00C04F79EFBC}") = "inheritance4", "inheritance4\inheritance4.csproj", "{00FF3310-DB01-4F86-AD48-3B79FDD31757}"
EndProject
Global
	GlobalSection(SolutionConfigurationPlatforms) = preSolution
		Debug|Any CPU = Debug|Any CPU
		Release|Any CPU = Release|Any CPU
	EndGlobalSection
	GlobalSection(ProjectConfigurationPlatforms) = postSolution
		{00FF3310-DB01-4F86-AD48-3B79FDD31757}.Debug|Any CPU.ActiveCfg = Debug|Any CPU
		{00FF3310-DB01-4F86-AD48-3B79FDD31757}.Debug|Any CPU.Build.0 = Debug|Any CPU
		{00FF3310-DB01-4F86-AD48-3B79FDD31757}.Release|Any CPU.ActiveCfg = Release|Any CPU
		{00FF3310-DB01-4F86-AD48-3B79FDD31757}.Release|Any CPU.Build.0 = Release|Any CPU
	EndGlobalSection
	GlobalSection(SolutionProperties) = preSolution
		HideSolutionNode = FALSE
	EndGlobalSection
	GlobalSection(ExtensibilityGlobals) = postSolution
		SolutionGuid = {F257A702-0A62-4A34-8525-E1CA8B3184A3}
	EndGlobalSection
EndGlobal
